PODS:
  - Flutter (1.0.0)
  - shared_preferences_foundation (0.0.1):
    - Flutter
    - FlutterMacOS
  - solana_wallet_adapter_ios (0.0.1):
    - Flutter
  - webcrypto (0.1.1):
    - Flutter

DEPENDENCIES:
  - Flutter (from `Flutter`)
  - shared_preferences_foundation (from `.symlinks/plugins/shared_preferences_foundation/darwin`)
  - solana_wallet_adapter_ios (from `.symlinks/plugins/solana_wallet_adapter_ios/ios`)
  - webcrypto (from `.symlinks/plugins/webcrypto/ios`)

EXTERNAL SOURCES:
  Flutter:
    :path: Flutter
  shared_preferences_foundation:
    :path: ".symlinks/plugins/shared_preferences_foundation/darwin"
  solana_wallet_adapter_ios:
    :path: ".symlinks/plugins/solana_wallet_adapter_ios/ios"
  webcrypto:
    :path: ".symlinks/plugins/webcrypto/ios"

SPEC CHECKSUMS:
  Flutter: f04841e97a9d0b0a8025694d0796dd46242b2854
  shared_preferences_foundation: e2dae3258e06f44cc55f49d42024fd8dd03c590c
  solana_wallet_adapter_ios: 81801f1823b9a5870ead396706efd663b530e6fe
  webcrypto: 58dac29c85327d3d72a47d19d44128f10905f58e

PODFILE CHECKSUM: 70d9d25280d0dd177a5f637cdb0f0b0b12c6a189

COCOAPODS: 1.12.1
